{
    "version": 3,
    "terraform_version": "0.8.5",
    "serial": 41,
    "lineage": "ed3a467f-89c0-4a17-a2f7-bf12cc57de95",
    "modules": [
        {
            "path": [
                "root"
            ],
            "outputs": {},
            "resources": {
                "cloudca_environment.default": {
                    "type": "cloudca_environment",
                    "depends_on": [],
                    "primary": {
                        "id": "4017d5cd-710b-494c-97c7-bc29736bdacc",
                        "attributes": {
                            "admin_role.#": "1",
                            "admin_role.2676129239": "ccontini",
                            "description": "Environment for production workloads",
                            "id": "4017d5cd-710b-494c-97c7-bc29736bdacc",
                            "name": "dev",
                            "organization_code": "devteam",
                            "read_only_role.#": "3",
                            "read_only_role.1713696776": "acarruthers",
                            "read_only_role.1751205065": "pdube",
                            "read_only_role.3732238574": "fgarcia",
                            "service_code": "compute-qc",
                            "user_role.#": "0"
                        },
                        "meta": {},
                        "tainted": false
                    },
                    "deposed": [],
                    "provider": ""
                },
                "cloudca_instance.db_instance": {
                    "type": "cloudca_instance",
                    "depends_on": [
                        "cloudca_environment.default",
                        "cloudca_tier.db_tier"
                    ],
                    "primary": {
                        "id": "12487c22-f12b-4037-b48c-17718a391a24",
                        "attributes": {
                            "compute_offering": "1vcpu.1gb",
                            "environment_name": "dev",
                            "id": "12487c22-f12b-4037-b48c-17718a391a24",
                            "name": "dev-db-01",
                            "network_id": "ae7e2cec-8c84-4fdd-ab63-db3f7b15694e",
                            "private_ip": "10.219.132.100",
                            "private_ip_id": "58410160-2ee1-4caa-95fc-d65bff3cf6b6",
                            "purge": "true",
                            "service_code": "compute-qc",
                            "template": "centos 7.2 hvm"
                        },
                        "meta": {},
                        "tainted": false
                    },
                    "deposed": [],
                    "provider": ""
                },
                "cloudca_instance.web_instance.0": {
                    "type": "cloudca_instance",
                    "depends_on": [
                        "cloudca_environment.default",
                        "cloudca_tier.web_tier"
                    ],
                    "primary": {
                        "id": "47c5fc40-4a6e-4ebc-8573-cdc5c50729ae",
                        "attributes": {
                            "compute_offering": "1vcpu.1gb",
                            "environment_name": "dev",
                            "id": "47c5fc40-4a6e-4ebc-8573-cdc5c50729ae",
                            "name": "dev-web-01",
                            "network_id": "a4c56b4b-ef00-46eb-9787-aa723422396a",
                            "private_ip": "10.219.133.231",
                            "private_ip_id": "442f0697-20c6-4805-a590-e2b9ca8d1e56",
                            "purge": "true",
                            "service_code": "compute-qc",
                            "template": "centos 7.2 hvm"
                        },
                        "meta": {},
                        "tainted": false
                    },
                    "deposed": [],
                    "provider": ""
                },
                "cloudca_instance.web_instance.1": {
                    "type": "cloudca_instance",
                    "depends_on": [
                        "cloudca_environment.default",
                        "cloudca_tier.web_tier"
                    ],
                    "primary": {
                        "id": "4cc405bb-ed65-4468-a49e-cc6ba989cde2",
                        "attributes": {
                            "compute_offering": "1vcpu.1gb",
                            "environment_name": "dev",
                            "id": "4cc405bb-ed65-4468-a49e-cc6ba989cde2",
                            "name": "dev-web-02",
                            "network_id": "a4c56b4b-ef00-46eb-9787-aa723422396a",
                            "private_ip": "10.219.133.139",
                            "private_ip_id": "1db1f0e0-b386-48f6-b053-33d54a67db00",
                            "purge": "true",
                            "service_code": "compute-qc",
                            "template": "centos 7.2 hvm"
                        },
                        "meta": {},
                        "tainted": false
                    },
                    "deposed": [],
                    "provider": ""
                },
                "cloudca_load_balancer_rule.lbr": {
                    "type": "cloudca_load_balancer_rule",
                    "depends_on": [
                        "cloudca_environment.default",
                        "cloudca_public_ip.public_endpoint"
                    ],
                    "primary": {
                        "id": "812b2a64-e537-46e6-a4c5-c5d22b89b80b",
                        "attributes": {
                            "algorithm": "leastconn",
                            "environment_name": "dev",
                            "id": "812b2a64-e537-46e6-a4c5-c5d22b89b80b",
                            "instance_ids.#": "1",
                            "instance_ids.1488201548": "47c5fc40-4a6e-4ebc-8573-cdc5c50729ae",
                            "name": "web_instances",
                            "network_id": "a4c56b4b-ef00-46eb-9787-aa723422396a",
                            "private_port": "80",
                            "protocol": "tcp",
                            "public_ip": "45.72.188.50",
                            "public_ip_id": "ca13e192-19a3-4c3d-9631-cc943cc25b8f",
                            "public_port": "80",
                            "service_code": "compute-qc",
                            "stickiness_method": "AppCookie",
                            "stickiness_params.%": "1",
                            "stickiness_params.cookieName": "web_app_cookie"
                        },
                        "meta": {},
                        "tainted": false
                    },
                    "deposed": [],
                    "provider": ""
                },
                "cloudca_network_acl.db_acl": {
                    "type": "cloudca_network_acl",
                    "depends_on": [
                        "cloudca_environment.default",
                        "cloudca_vpc.default"
                    ],
                    "primary": {
                        "id": "a3f420a3-91a7-419f-83e7-79822479fc3d",
                        "attributes": {
                            "description": "ACL database tier",
                            "environment_name": "dev",
                            "id": "a3f420a3-91a7-419f-83e7-79822479fc3d",
                            "name": "db_acl",
                            "service_code": "compute-qc",
                            "vpc_id": "d0cec451-eb6a-456a-91d6-006b23f3f673"
                        },
                        "meta": {},
                        "tainted": false
                    },
                    "deposed": [],
                    "provider": ""
                },
                "cloudca_network_acl.tools_acl": {
                    "type": "cloudca_network_acl",
                    "depends_on": [
                        "cloudca_environment.default",
                        "cloudca_vpc.default"
                    ],
                    "primary": {
                        "id": "a6270b70-52a8-4aa1-bb33-6ca9894d0613",
                        "attributes": {
                            "description": "ACL tools tier",
                            "environment_name": "dev",
                            "id": "a6270b70-52a8-4aa1-bb33-6ca9894d0613",
                            "name": "tools_acl",
                            "service_code": "compute-qc",
                            "vpc_id": "d0cec451-eb6a-456a-91d6-006b23f3f673"
                        },
                        "meta": {},
                        "tainted": false
                    },
                    "deposed": [],
                    "provider": ""
                },
                "cloudca_network_acl.web_acl": {
                    "type": "cloudca_network_acl",
                    "depends_on": [
                        "cloudca_environment.default",
                        "cloudca_vpc.default"
                    ],
                    "primary": {
                        "id": "d4ebc2b3-4ac4-4670-8504-d7ead70143a2",
                        "attributes": {
                            "description": "ACL web tier",
                            "environment_name": "dev",
                            "id": "d4ebc2b3-4ac4-4670-8504-d7ead70143a2",
                            "name": "web_acl",
                            "service_code": "compute-qc",
                            "vpc_id": "d0cec451-eb6a-456a-91d6-006b23f3f673"
                        },
                        "meta": {},
                        "tainted": false
                    },
                    "deposed": [],
                    "provider": ""
                },
                "cloudca_network_acl_rule.db_all_out_all": {
                    "type": "cloudca_network_acl_rule",
                    "depends_on": [
                        "cloudca_environment.default",
                        "cloudca_network_acl.db_acl"
                    ],
                    "primary": {
                        "id": "986f0294-1b32-46b2-813f-feb632171513",
                        "attributes": {
                            "action": "allow",
                            "cidr": "0.0.0.0/0",
                            "end_port": "0",
                            "environment_name": "dev",
                            "icmp_code": "0",
                            "icmp_type": "0",
                            "id": "986f0294-1b32-46b2-813f-feb632171513",
                            "network_acl_id": "a3f420a3-91a7-419f-83e7-79822479fc3d",
                            "protocol": "all",
                            "rule_number": "90",
                            "service_code": "compute-qc",
                            "start_port": "0",
                            "traffic_type": "egress"
                        },
                        "meta": {},
                        "tainted": false
                    },
                    "deposed": [],
                    "provider": ""
                },
                "cloudca_network_acl_rule.db_allow_in_22": {
                    "type": "cloudca_network_acl_rule",
                    "depends_on": [
                        "cloudca_environment.default",
                        "cloudca_network_acl.db_acl"
                    ],
                    "primary": {
                        "id": "73c15e23-3f30-4d5a-8694-4aa4c6c0b6cc",
                        "attributes": {
                            "action": "allow",
                            "cidr": "0.0.0.0/0",
                            "end_port": "22",
                            "environment_name": "dev",
                            "icmp_code": "0",
                            "icmp_type": "0",
                            "id": "73c15e23-3f30-4d5a-8694-4aa4c6c0b6cc",
                            "network_acl_id": "a3f420a3-91a7-419f-83e7-79822479fc3d",
                            "protocol": "tcp",
                            "rule_number": "9",
                            "service_code": "compute-qc",
                            "start_port": "22",
                            "traffic_type": "ingress"
                        },
                        "meta": {},
                        "tainted": false
                    },
                    "deposed": [],
                    "provider": ""
                },
                "cloudca_network_acl_rule.db_allow_in_3306": {
                    "type": "cloudca_network_acl_rule",
                    "depends_on": [
                        "cloudca_environment.default",
                        "cloudca_network_acl.db_acl"
                    ],
                    "primary": {
                        "id": "6cc6fd00-29d4-4bda-9113-6298c7396d3a",
                        "attributes": {
                            "action": "allow",
                            "cidr": "0.0.0.0/0",
                            "end_port": "3306",
                            "environment_name": "dev",
                            "icmp_code": "0",
                            "icmp_type": "0",
                            "id": "6cc6fd00-29d4-4bda-9113-6298c7396d3a",
                            "network_acl_id": "a3f420a3-91a7-419f-83e7-79822479fc3d",
                            "protocol": "tcp",
                            "rule_number": "1",
                            "service_code": "compute-qc",
                            "start_port": "3306",
                            "traffic_type": "ingress"
                        },
                        "meta": {},
                        "tainted": false
                    },
                    "deposed": [],
                    "provider": ""
                },
                "cloudca_network_acl_rule.db_deny_in_all": {
                    "type": "cloudca_network_acl_rule",
                    "depends_on": [
                        "cloudca_environment.default",
                        "cloudca_network_acl.db_acl"
                    ],
                    "primary": {
                        "id": "e5816094-9f89-471a-bcff-48518dbdf8dc",
                        "attributes": {
                            "action": "deny",
                            "cidr": "0.0.0.0/0",
                            "end_port": "0",
                            "environment_name": "dev",
                            "icmp_code": "0",
                            "icmp_type": "0",
                            "id": "e5816094-9f89-471a-bcff-48518dbdf8dc",
                            "network_acl_id": "a3f420a3-91a7-419f-83e7-79822479fc3d",
                            "protocol": "all",
                            "rule_number": "100",
                            "service_code": "compute-qc",
                            "start_port": "0",
                            "traffic_type": "ingress"
                        },
                        "meta": {},
                        "tainted": false
                    },
                    "deposed": [],
                    "provider": ""
                },
                "cloudca_network_acl_rule.tools_all_out_all": {
                    "type": "cloudca_network_acl_rule",
                    "depends_on": [
                        "cloudca_environment.default",
                        "cloudca_network_acl.tools_acl"
                    ],
                    "primary": {
                        "id": "4e10b7a0-1848-4785-ae6f-edb91ffaef0a",
                        "attributes": {
                            "action": "allow",
                            "cidr": "0.0.0.0/0",
                            "end_port": "0",
                            "environment_name": "dev",
                            "icmp_code": "0",
                            "icmp_type": "0",
                            "id": "4e10b7a0-1848-4785-ae6f-edb91ffaef0a",
                            "network_acl_id": "a6270b70-52a8-4aa1-bb33-6ca9894d0613",
                            "protocol": "all",
                            "rule_number": "90",
                            "service_code": "compute-qc",
                            "start_port": "0",
                            "traffic_type": "egress"
                        },
                        "meta": {},
                        "tainted": false
                    },
                    "deposed": [],
                    "provider": ""
                },
                "cloudca_network_acl_rule.tools_allow_in_22": {
                    "type": "cloudca_network_acl_rule",
                    "depends_on": [
                        "cloudca_environment.default",
                        "cloudca_network_acl.tools_acl"
                    ],
                    "primary": {
                        "id": "4d6de6dd-c504-4160-b1ae-4c1856d3d1e8",
                        "attributes": {
                            "action": "allow",
                            "cidr": "0.0.0.0/0",
                            "end_port": "22",
                            "environment_name": "dev",
                            "icmp_code": "0",
                            "icmp_type": "0",
                            "id": "4d6de6dd-c504-4160-b1ae-4c1856d3d1e8",
                            "network_acl_id": "a6270b70-52a8-4aa1-bb33-6ca9894d0613",
                            "protocol": "tcp",
                            "rule_number": "9",
                            "service_code": "compute-qc",
                            "start_port": "22",
                            "traffic_type": "ingress"
                        },
                        "meta": {},
                        "tainted": false
                    },
                    "deposed": [],
                    "provider": ""
                },
                "cloudca_network_acl_rule.tools_deny_in_all": {
                    "type": "cloudca_network_acl_rule",
                    "depends_on": [
                        "cloudca_environment.default",
                        "cloudca_network_acl.tools_acl"
                    ],
                    "primary": {
                        "id": "225fd09b-d22e-4f2f-8154-c6efb94727bd",
                        "attributes": {
                            "action": "deny",
                            "cidr": "0.0.0.0/0",
                            "end_port": "0",
                            "environment_name": "dev",
                            "icmp_code": "0",
                            "icmp_type": "0",
                            "id": "225fd09b-d22e-4f2f-8154-c6efb94727bd",
                            "network_acl_id": "a6270b70-52a8-4aa1-bb33-6ca9894d0613",
                            "protocol": "all",
                            "rule_number": "100",
                            "service_code": "compute-qc",
                            "start_port": "0",
                            "traffic_type": "ingress"
                        },
                        "meta": {},
                        "tainted": false
                    },
                    "deposed": [],
                    "provider": ""
                },
                "cloudca_network_acl_rule.web_all_out_all": {
                    "type": "cloudca_network_acl_rule",
                    "depends_on": [
                        "cloudca_environment.default",
                        "cloudca_network_acl.web_acl"
                    ],
                    "primary": {
                        "id": "bd4a65a0-8dd9-46ae-884a-fd9f6a8bf138",
                        "attributes": {
                            "action": "allow",
                            "cidr": "0.0.0.0/0",
                            "end_port": "0",
                            "environment_name": "dev",
                            "icmp_code": "0",
                            "icmp_type": "0",
                            "id": "bd4a65a0-8dd9-46ae-884a-fd9f6a8bf138",
                            "network_acl_id": "d4ebc2b3-4ac4-4670-8504-d7ead70143a2",
                            "protocol": "all",
                            "rule_number": "90",
                            "service_code": "compute-qc",
                            "start_port": "0",
                            "traffic_type": "egress"
                        },
                        "meta": {},
                        "tainted": false
                    },
                    "deposed": [],
                    "provider": ""
                },
                "cloudca_network_acl_rule.web_allow_in_22": {
                    "type": "cloudca_network_acl_rule",
                    "depends_on": [
                        "cloudca_environment.default",
                        "cloudca_network_acl.web_acl"
                    ],
                    "primary": {
                        "id": "ab968b33-7987-4567-ab8e-e0c05d6365e7",
                        "attributes": {
                            "action": "allow",
                            "cidr": "0.0.0.0/0",
                            "end_port": "22",
                            "environment_name": "dev",
                            "icmp_code": "0",
                            "icmp_type": "0",
                            "id": "ab968b33-7987-4567-ab8e-e0c05d6365e7",
                            "network_acl_id": "d4ebc2b3-4ac4-4670-8504-d7ead70143a2",
                            "protocol": "tcp",
                            "rule_number": "9",
                            "service_code": "compute-qc",
                            "start_port": "22",
                            "traffic_type": "ingress"
                        },
                        "meta": {},
                        "tainted": false
                    },
                    "deposed": [],
                    "provider": ""
                },
                "cloudca_network_acl_rule.web_allow_in_443": {
                    "type": "cloudca_network_acl_rule",
                    "depends_on": [
                        "cloudca_environment.default",
                        "cloudca_network_acl.web_acl"
                    ],
                    "primary": {
                        "id": "ec2f8c26-5512-40ac-bd33-254e16d0c53b",
                        "attributes": {
                            "action": "allow",
                            "cidr": "0.0.0.0/0",
                            "end_port": "443",
                            "environment_name": "dev",
                            "icmp_code": "0",
                            "icmp_type": "0",
                            "id": "ec2f8c26-5512-40ac-bd33-254e16d0c53b",
                            "network_acl_id": "d4ebc2b3-4ac4-4670-8504-d7ead70143a2",
                            "protocol": "tcp",
                            "rule_number": "2",
                            "service_code": "compute-qc",
                            "start_port": "443",
                            "traffic_type": "ingress"
                        },
                        "meta": {},
                        "tainted": false
                    },
                    "deposed": [],
                    "provider": ""
                },
                "cloudca_network_acl_rule.web_allow_in_80": {
                    "type": "cloudca_network_acl_rule",
                    "depends_on": [
                        "cloudca_environment.default",
                        "cloudca_network_acl.web_acl"
                    ],
                    "primary": {
                        "id": "27c8f81b-3b00-4b29-9a6a-b6a5d861c435",
                        "attributes": {
                            "action": "allow",
                            "cidr": "0.0.0.0/0",
                            "end_port": "80",
                            "environment_name": "dev",
                            "icmp_code": "0",
                            "icmp_type": "0",
                            "id": "27c8f81b-3b00-4b29-9a6a-b6a5d861c435",
                            "network_acl_id": "d4ebc2b3-4ac4-4670-8504-d7ead70143a2",
                            "protocol": "tcp",
                            "rule_number": "1",
                            "service_code": "compute-qc",
                            "start_port": "80",
                            "traffic_type": "ingress"
                        },
                        "meta": {},
                        "tainted": false
                    },
                    "deposed": [],
                    "provider": ""
                },
                "cloudca_network_acl_rule.web_deny_in_all": {
                    "type": "cloudca_network_acl_rule",
                    "depends_on": [
                        "cloudca_environment.default",
                        "cloudca_network_acl.web_acl"
                    ],
                    "primary": {
                        "id": "837adc10-f065-4152-8975-76aa3a5497dc",
                        "attributes": {
                            "action": "deny",
                            "cidr": "0.0.0.0/0",
                            "end_port": "0",
                            "environment_name": "dev",
                            "icmp_code": "0",
                            "icmp_type": "0",
                            "id": "837adc10-f065-4152-8975-76aa3a5497dc",
                            "network_acl_id": "d4ebc2b3-4ac4-4670-8504-d7ead70143a2",
                            "protocol": "all",
                            "rule_number": "100",
                            "service_code": "compute-qc",
                            "start_port": "0",
                            "traffic_type": "ingress"
                        },
                        "meta": {},
                        "tainted": false
                    },
                    "deposed": [],
                    "provider": ""
                },
                "cloudca_public_ip.public_endpoint": {
                    "type": "cloudca_public_ip",
                    "depends_on": [
                        "cloudca_environment.default",
                        "cloudca_vpc.default"
                    ],
                    "primary": {
                        "id": "ca13e192-19a3-4c3d-9631-cc943cc25b8f",
                        "attributes": {
                            "environment_name": "dev",
                            "id": "ca13e192-19a3-4c3d-9631-cc943cc25b8f",
                            "ip_address": "45.72.188.50",
                            "service_code": "compute-qc",
                            "vpc_id": "d0cec451-eb6a-456a-91d6-006b23f3f673"
                        },
                        "meta": {},
                        "tainted": false
                    },
                    "deposed": [],
                    "provider": ""
                },
                "cloudca_tier.db_tier": {
                    "type": "cloudca_tier",
                    "depends_on": [
                        "cloudca_environment.default",
                        "cloudca_network_acl.db_acl",
                        "cloudca_vpc.default"
                    ],
                    "primary": {
                        "id": "ae7e2cec-8c84-4fdd-ab63-db3f7b15694e",
                        "attributes": {
                            "cidr": "10.219.132.0/24",
                            "description": "Database tier",
                            "environment_name": "dev",
                            "id": "ae7e2cec-8c84-4fdd-ab63-db3f7b15694e",
                            "name": "db_tier",
                            "network_acl_id": "a3f420a3-91a7-419f-83e7-79822479fc3d",
                            "network_offering": "Standard Tier",
                            "service_code": "compute-qc",
                            "vpc_id": "d0cec451-eb6a-456a-91d6-006b23f3f673"
                        },
                        "meta": {},
                        "tainted": false
                    },
                    "deposed": [],
                    "provider": ""
                },
                "cloudca_tier.tools_tier": {
                    "type": "cloudca_tier",
                    "depends_on": [
                        "cloudca_environment.default",
                        "cloudca_network_acl.tools_acl",
                        "cloudca_vpc.default"
                    ],
                    "primary": {
                        "id": "d0c8f1f8-e71e-49dd-8694-82402f0fd16c",
                        "attributes": {
                            "cidr": "10.219.134.0/24",
                            "description": "Tools tier",
                            "environment_name": "dev",
                            "id": "d0c8f1f8-e71e-49dd-8694-82402f0fd16c",
                            "name": "tools_tier",
                            "network_acl_id": "a6270b70-52a8-4aa1-bb33-6ca9894d0613",
                            "network_offering": "Standard Tier",
                            "service_code": "compute-qc",
                            "vpc_id": "d0cec451-eb6a-456a-91d6-006b23f3f673"
                        },
                        "meta": {},
                        "tainted": false
                    },
                    "deposed": [],
                    "provider": ""
                },
                "cloudca_tier.web_tier": {
                    "type": "cloudca_tier",
                    "depends_on": [
                        "cloudca_environment.default",
                        "cloudca_network_acl.web_acl",
                        "cloudca_vpc.default"
                    ],
                    "primary": {
                        "id": "a4c56b4b-ef00-46eb-9787-aa723422396a",
                        "attributes": {
                            "cidr": "10.219.133.0/24",
                            "description": "Web tier",
                            "environment_name": "dev",
                            "id": "a4c56b4b-ef00-46eb-9787-aa723422396a",
                            "name": "web_tier",
                            "network_acl_id": "d4ebc2b3-4ac4-4670-8504-d7ead70143a2",
                            "network_offering": "Load Balanced Tier",
                            "service_code": "compute-qc",
                            "vpc_id": "d0cec451-eb6a-456a-91d6-006b23f3f673"
                        },
                        "meta": {},
                        "tainted": false
                    },
                    "deposed": [],
                    "provider": ""
                },
                "cloudca_volume.db_volume": {
                    "type": "cloudca_volume",
                    "depends_on": [
                        "cloudca_environment.default",
                        "cloudca_instance.db_instance",
                        "cloudca_instance.db_instance"
                    ],
                    "primary": {
                        "id": "3115ce03-d599-4cde-ae8f-dc2ee656fc24",
                        "attributes": {
                            "disk_offering": "20gb - 20 iops min.",
                            "environment_name": "dev",
                            "id": "3115ce03-d599-4cde-ae8f-dc2ee656fc24",
                            "instance_id": "12487c22-f12b-4037-b48c-17718a391a24",
                            "iops": "0",
                            "name": "DATA_dev-db-01",
                            "service_code": "compute-qc",
                            "size_in_gb": "20"
                        },
                        "meta": {},
                        "tainted": false
                    },
                    "deposed": [],
                    "provider": ""
                },
                "cloudca_vpc.default": {
                    "type": "cloudca_vpc",
                    "depends_on": [
                        "cloudca_environment.default"
                    ],
                    "primary": {
                        "id": "d0cec451-eb6a-456a-91d6-006b23f3f673",
                        "attributes": {
                            "description": "VPC for production workloads",
                            "environment_name": "dev",
                            "id": "d0cec451-eb6a-456a-91d6-006b23f3f673",
                            "name": "my-awesome-vpc",
                            "network_domain": "cse70cloud.internal",
                            "service_code": "compute-qc",
                            "vpc_offering": "default vpc offering",
                            "zone": "QC-2"
                        },
                        "meta": {},
                        "tainted": false
                    },
                    "deposed": [],
                    "provider": ""
                }
            },
            "depends_on": []
        }
    ]
}
